
Microsoft Visual Studio Solution File, Format Version 12.00
# Visual Studio Version 17
VisualStudioVersion = 17.9.34723.18
MinimumVisualStudioVersion = 10.0.40219.1
Project("{9A19103F-16F7-4668-BE54-9A1E7A4F7556}") = "LearningAPI", "LearningAPI\LearningAPI.csproj", "{29ABB2E5-8E88-4B7E-9DB6-C9651E92C5CB}"
EndProject
Project("{9A19103F-16F7-4668-BE54-9A1E7A4F7556}") = "LearningAPI.Entities", "LearningAPI.Entities\LearningAPI.Entities.csproj", "{590384AB-712D-466C-9A8D-6BE89F82899B}"
EndProject
Project("{9A19103F-16F7-4668-BE54-9A1E7A4F7556}") = "LearningAPI.Application", "LearningAPI.Application\LearningAPI.Application.csproj", "{63D5B854-2990-44B9-B6F7-ED1A0BA8C215}"
EndProject
Project("{FAE04EC0-301F-11D3-BF4B-00C04F79EFBC}") = "LearningAPI.Persistence", "LearningAPI.Persistence\LearningAPI.Persistence.csproj", "{16BCBBB8-EBDB-43D8-A537-66488481EE37}"
EndProject
Project("{FAE04EC0-301F-11D3-BF4B-00C04F79EFBC}") = "LearningAPI.API", "LearningAPI.API\LearningAPI.API.csproj", "{F23159BA-1D15-4E24-8441-973A51DDA0F1}"
EndProject
Global
	GlobalSection(SolutionConfigurationPlatforms) = preSolution
		Debug|Any CPU = Debug|Any CPU
		Release|Any CPU = Release|Any CPU
	EndGlobalSection
	GlobalSection(ProjectConfigurationPlatforms) = postSolution
		{29ABB2E5-8E88-4B7E-9DB6-C9651E92C5CB}.Debug|Any CPU.ActiveCfg = Debug|Any CPU
		{29ABB2E5-8E88-4B7E-9DB6-C9651E92C5CB}.Debug|Any CPU.Build.0 = Debug|Any CPU
		{29ABB2E5-8E88-4B7E-9DB6-C9651E92C5CB}.Release|Any CPU.ActiveCfg = Release|Any CPU
		{29ABB2E5-8E88-4B7E-9DB6-C9651E92C5CB}.Release|Any CPU.Build.0 = Release|Any CPU
		{590384AB-712D-466C-9A8D-6BE89F82899B}.Debug|Any CPU.ActiveCfg = Debug|Any CPU
		{590384AB-712D-466C-9A8D-6BE89F82899B}.Debug|Any CPU.Build.0 = Debug|Any CPU
		{590384AB-712D-466C-9A8D-6BE89F82899B}.Release|Any CPU.ActiveCfg = Release|Any CPU
		{590384AB-712D-466C-9A8D-6BE89F82899B}.Release|Any CPU.Build.0 = Release|Any CPU
		{63D5B854-2990-44B9-B6F7-ED1A0BA8C215}.Debug|Any CPU.ActiveCfg = Debug|Any CPU
		{63D5B854-2990-44B9-B6F7-ED1A0BA8C215}.Debug|Any CPU.Build.0 = Debug|Any CPU
		{63D5B854-2990-44B9-B6F7-ED1A0BA8C215}.Release|Any CPU.ActiveCfg = Release|Any CPU
		{63D5B854-2990-44B9-B6F7-ED1A0BA8C215}.Release|Any CPU.Build.0 = Release|Any CPU
		{16BCBBB8-EBDB-43D8-A537-66488481EE37}.Debug|Any CPU.ActiveCfg = Debug|Any CPU
		{16BCBBB8-EBDB-43D8-A537-66488481EE37}.Debug|Any CPU.Build.0 = Debug|Any CPU
		{16BCBBB8-EBDB-43D8-A537-66488481EE37}.Release|Any CPU.ActiveCfg = Release|Any CPU
		{16BCBBB8-EBDB-43D8-A537-66488481EE37}.Release|Any CPU.Build.0 = Release|Any CPU
		{F23159BA-1D15-4E24-8441-973A51DDA0F1}.Debug|Any CPU.ActiveCfg = Debug|Any CPU
		{F23159BA-1D15-4E24-8441-973A51DDA0F1}.Debug|Any CPU.Build.0 = Debug|Any CPU
		{F23159BA-1D15-4E24-8441-973A51DDA0F1}.Release|Any CPU.ActiveCfg = Release|Any CPU
		{F23159BA-1D15-4E24-8441-973A51DDA0F1}.Release|Any CPU.Build.0 = Release|Any CPU
	EndGlobalSection
	GlobalSection(SolutionProperties) = preSolution
		HideSolutionNode = FALSE
	EndGlobalSection
	GlobalSection(ExtensibilityGlobals) = postSolution
		SolutionGuid = {6CA4A5BF-61CB-45CE-B0E0-9350A574D367}
	EndGlobalSection
EndGlobal
